lockfileVersion: '9.0'

settings:
  autoInstallPeers: true
  excludeLinksFromLockfile: false

importers:

  .:
    dependencies:
      '@tanstack/react-query':
        specifier: 5.66.9
        version: 5.66.9(react@19.0.0)
      '@trpc/tanstack-react-query':
        specifier: 11.0.0-rc.804
        version: 11.0.0-rc.804(@tanstack/react-query@5.66.9(react@19.0.0))(@trpc/client@10.45.1(@trpc/server@10.45.2))(@trpc/server@10.45.2)(react-dom@19.0.0(react@19.0.0))(react@19.0.0)(typescript@5.7.3)
    devDependencies:
      typescript:
        specifier: 5.7.3
        version: 5.7.3

packages:

  '@tanstack/query-core@5.66.4':
    resolution: {integrity: sha512-skM/gzNX4shPkqmdTCSoHtJAPMTtmIJNS0hE+xwTTUVYwezArCT34NMermABmBVUg5Ls5aiUXEDXfqwR1oVkcA==}

  '@tanstack/react-query@5.66.9':
    resolution: {integrity: sha512-NRI02PHJsP5y2gAuWKP+awamTIBFBSKMnO6UVzi03GTclmHHHInH5UzVgzi5tpu4+FmGfsdT7Umqegobtsp23A==}
    peerDependencies:
      react: ^18 || ^19

  '@trpc/client@10.45.1':
    resolution: {integrity: sha512-nVbAk1xpIiI64WgzXGgfxPOGgHoYvffn1IsjV1D/Ri7DL4BKuo2qtZ7UQ+OuHkzH2M8j4ikSVBDpk545fOdvpw==}
    peerDependencies:
      '@trpc/server': 10.45.1

  '@trpc/server@10.45.2':
    resolution: {integrity: sha512-wOrSThNNE4HUnuhJG6PfDRp4L2009KDVxsd+2VYH8ro6o/7/jwYZ8Uu5j+VaW+mOmc8EHerHzGcdbGNQSAUPgg==}

  '@trpc/tanstack-react-query@11.0.0-rc.804':
    resolution: {integrity: sha512-PCDO8YWgvx6OSEl6fmAiZ7jI0X8ZmVen3l3oIzqBYxEWYaZnznvv5c9aiqL7NaqXEYS3VcK+Ox43VYn+kZrbYw==}
    peerDependencies:
      '@tanstack/react-query': ^5.62.8
      '@trpc/client': 11.0.0-rc.804+ab12d16b0
      '@trpc/server': 11.0.0-rc.804+ab12d16b0
      react: '>=18.2.0'
      react-dom: '>=18.2.0'
      typescript: '>=5.7.2'

  react-dom@19.0.0:
    resolution: {integrity: sha512-4GV5sHFG0e/0AD4X+ySy6UJd3jVl1iNsNHdpad0qhABJ11twS3TTBnseqsKurKcsNqCEFeGL3uLpVChpIO3QfQ==}
    peerDependencies:
      react: ^19.0.0

  react@19.0.0:
    resolution: {integrity: sha512-V8AVnmPIICiWpGfm6GLzCR/W5FXLchHop40W4nXBmdlEceh16rCN8O8LNWm5bh5XUX91fh7KpA+W0TgMKmgTpQ==}
    engines: {node: '>=0.10.0'}

  scheduler@0.25.0:
    resolution: {integrity: sha512-xFVuu11jh+xcO7JOAGJNOXld8/TcEHK/4CituBUeUb5hqxJLj9YuemAEuvm9gQ/+pgXYfbQuqAkiYu+u7YEsNA==}

  typescript@5.7.3:
    resolution: {integrity: sha512-84MVSjMEHP+FQRPy3pX9sTVV/INIex71s9TL2Gm5FG/WG1SqXeKyZ0k7/blY/4FdOzI12CBy1vGc4og/eus0fw==}
    engines: {node: '>=14.17'}
    hasBin: true

snapshots:

  '@tanstack/query-core@5.66.4': {}

  '@tanstack/react-query@5.66.9(react@19.0.0)':
    dependencies:
      '@tanstack/query-core': 5.66.4
      react: 19.0.0

  '@trpc/client@10.45.1(@trpc/server@10.45.2)':
    dependencies:
      '@trpc/server': 10.45.2

  '@trpc/server@10.45.2': {}

  '@trpc/tanstack-react-query@11.0.0-rc.804(@tanstack/react-query@5.66.9(react@19.0.0))(@trpc/client@10.45.1(@trpc/server@10.45.2))(@trpc/server@10.45.2)(react-dom@19.0.0(react@19.0.0))(react@19.0.0)(typescript@5.7.3)':
    dependencies:
      '@tanstack/react-query': 5.66.9(react@19.0.0)
      '@trpc/client': 10.45.1(@trpc/server@10.45.2)
      '@trpc/server': 10.45.2
      react: 19.0.0
      react-dom: 19.0.0(react@19.0.0)
      typescript: 5.7.3

  react-dom@19.0.0(react@19.0.0):
    dependencies:
      react: 19.0.0
      scheduler: 0.25.0

  react@19.0.0: {}

  scheduler@0.25.0: {}

  typescript@5.7.3: {}
